// !$*UTF8*$!
{
	archiveVersion = 1;
	classes = {
	};
	objectVersion = 56;
	objects = {

/* Begin PBXBuildFile section */
		030BB3F528888FFE00898C3F /* NIO in Frameworks */ = {isa = PBXBuildFile; productRef = 030BB3F428888FFE00898C3F /* NIO */; };
		030BB3F728888FFE00898C3F /* NIOHTTP1 in Frameworks */ = {isa = PBXBuildFile; productRef = 030BB3F628888FFE00898C3F /* NIOHTTP1 */; };
		030BB3F928888FFE00898C3F /* NIOWebSocket in Frameworks */ = {isa = PBXBuildFile; productRef = 030BB3F828888FFE00898C3F /* NIOWebSocket */; };
		030BB3FC2888907700898C3F /* NIOTransportServices in Frameworks */ = {isa = PBXBuildFile; productRef = 030BB3FB2888907700898C3F /* NIOTransportServices */; };
		030BB3FD288890B200898C3F /* Message.swift in Sources */ = {isa = PBXBuildFile; fileRef = 030BB3EE28888F8F00898C3F /* Message.swift */; };
		030BB3FE288890B400898C3F /* Chat.swift in Sources */ = {isa = PBXBuildFile; fileRef = 030BB3ED28888F8F00898C3F /* Chat.swift */; };
		030BB3FF288890B800898C3F /* ActorIdentity.swift in Sources */ = {isa = PBXBuildFile; fileRef = 030BB3E228888F8E00898C3F /* ActorIdentity.swift */; };
		030BB400288890B800898C3F /* DistributedActorReceptionist.swift in Sources */ = {isa = PBXBuildFile; fileRef = 030BB3E328888F8E00898C3F /* DistributedActorReceptionist.swift */; };
		030BB401288890BB00898C3F /* Log.swift in Sources */ = {isa = PBXBuildFile; fileRef = 030BB3F028888F8F00898C3F /* Log.swift */; };
		030BB402288890BF00898C3F /* ChatObserver.swift in Sources */ = {isa = PBXBuildFile; fileRef = 030BB3F228888F8F00898C3F /* ChatObserver.swift */; };
		030BB403288890CD00898C3F /* LocalNetworkCallEncoder.swift in Sources */ = {isa = PBXBuildFile; fileRef = 030BB3E728888F8E00898C3F /* LocalNetworkCallEncoder.swift */; };
		030BB404288890CD00898C3F /* BonjourBrowser.swift in Sources */ = {isa = PBXBuildFile; fileRef = 030BB3EA28888F8E00898C3F /* BonjourBrowser.swift */; };
		030BB405288890CD00898C3F /* WireProtocol.swift in Sources */ = {isa = PBXBuildFile; fileRef = 030BB3EB28888F8E00898C3F /* WireProtocol.swift */; };
		030BB406288890CD00898C3F /* BonjourConnection.swift in Sources */ = {isa = PBXBuildFile; fileRef = 030BB3E628888F8E00898C3F /* BonjourConnection.swift */; };
		030BB407288890CD00898C3F /* LocalNetworkCallDecoder.swift in Sources */ = {isa = PBXBuildFile; fileRef = 030BB3E828888F8E00898C3F /* LocalNetworkCallDecoder.swift */; };
		030BB408288890CD00898C3F /* LocalNetworkReceptionist.swift in Sources */ = {isa = PBXBuildFile; fileRef = 030BB3E528888F8E00898C3F /* LocalNetworkReceptionist.swift */; };
		030BB409288890CD00898C3F /* LocalNetworkActorSystem.swift in Sources */ = {isa = PBXBuildFile; fileRef = 030BB3E928888F8E00898C3F /* LocalNetworkActorSystem.swift */; };
		030BB40B288913CD00898C3F /* ChatNavigationLink.swift in Sources */ = {isa = PBXBuildFile; fileRef = 030BB40A288913CD00898C3F /* ChatNavigationLink.swift */; };
		030BB4112889CB1D00898C3F /* CodeScanner in Frameworks */ = {isa = PBXBuildFile; productRef = 030BB4102889CB1D00898C3F /* CodeScanner */; };
		030BB4132889E3E600898C3F /* QRCodeView.swift in Sources */ = {isa = PBXBuildFile; fileRef = 030BB4122889E3E600898C3F /* QRCodeView.swift */; };
		030BB4152889E52F00898C3F /* ChatsView.swift in Sources */ = {isa = PBXBuildFile; fileRef = 030BB4142889E52F00898C3F /* ChatsView.swift */; };
		0356A781287B7B4F009A6C6A /* DistributedChatApp.swift in Sources */ = {isa = PBXBuildFile; fileRef = 0356A780287B7B4F009A6C6A /* DistributedChatApp.swift */; };
		0356A785287B7B50009A6C6A /* Assets.xcassets in Resources */ = {isa = PBXBuildFile; fileRef = 0356A784287B7B50009A6C6A /* Assets.xcassets */; };
		0356A789287B7B50009A6C6A /* Preview Assets.xcassets in Resources */ = {isa = PBXBuildFile; fileRef = 0356A788287B7B50009A6C6A /* Preview Assets.xcassets */; };
		0356A793287B7B51009A6C6A /* DistributedChatTests.swift in Sources */ = {isa = PBXBuildFile; fileRef = 0356A792287B7B51009A6C6A /* DistributedChatTests.swift */; };
		0356A79D287B7B51009A6C6A /* DistributedChatUITests.swift in Sources */ = {isa = PBXBuildFile; fileRef = 0356A79C287B7B51009A6C6A /* DistributedChatUITests.swift */; };
		0356A79F287B7B51009A6C6A /* DistributedChatUITestsLaunchTests.swift in Sources */ = {isa = PBXBuildFile; fileRef = 0356A79E287B7B51009A6C6A /* DistributedChatUITestsLaunchTests.swift */; };
		03A29A6D287F912D00354A9B /* ComposeChatView.swift in Sources */ = {isa = PBXBuildFile; fileRef = 03A29A6C287F912D00354A9B /* ComposeChatView.swift */; };
		03A29A73287F93AA00354A9B /* ChatView.swift in Sources */ = {isa = PBXBuildFile; fileRef = 03A29A6E287F93A900354A9B /* ChatView.swift */; };
		03A29A74287F93AA00354A9B /* MessageBubbleTailPosition.swift in Sources */ = {isa = PBXBuildFile; fileRef = 03A29A6F287F93A900354A9B /* MessageBubbleTailPosition.swift */; };
		03A29A75287F93AA00354A9B /* MessageView.swift in Sources */ = {isa = PBXBuildFile; fileRef = 03A29A70287F93AA00354A9B /* MessageView.swift */; };
		03A29A76287F93AA00354A9B /* MessageBubble.swift in Sources */ = {isa = PBXBuildFile; fileRef = 03A29A71287F93AA00354A9B /* MessageBubble.swift */; };
		03A29A77287F93AA00354A9B /* MessageBubbleShape.swift in Sources */ = {isa = PBXBuildFile; fileRef = 03A29A72287F93AA00354A9B /* MessageBubbleShape.swift */; };
		03E97794287F953D00167740 /* ReversedScrollView in Frameworks */ = {isa = PBXBuildFile; productRef = 03E97793287F953D00167740 /* ReversedScrollView */; };
		03E9779E2882027000167740 /* ChatSendButton.swift in Sources */ = {isa = PBXBuildFile; fileRef = 03E9779D2882027000167740 /* ChatSendButton.swift */; };
		03E977A02882031B00167740 /* KeyboardHeightObserver.swift in Sources */ = {isa = PBXBuildFile; fileRef = 03E9779F2882031B00167740 /* KeyboardHeightObserver.swift */; };
/* End PBXBuildFile section */

/* Begin PBXContainerItemProxy section */
		0356A78F287B7B51009A6C6A /* PBXContainerItemProxy */ = {
			isa = PBXContainerItemProxy;
			containerPortal = 0356A775287B7B4F009A6C6A /* Project object */;
			proxyType = 1;
			remoteGlobalIDString = 0356A77C287B7B4F009A6C6A;
			remoteInfo = DistributedChat;
		};
		0356A799287B7B51009A6C6A /* PBXContainerItemProxy */ = {
			isa = PBXContainerItemProxy;
			containerPortal = 0356A775287B7B4F009A6C6A /* Project object */;
			proxyType = 1;
			remoteGlobalIDString = 0356A77C287B7B4F009A6C6A;
			remoteInfo = DistributedChat;
		};
/* End PBXContainerItemProxy section */

/* Begin PBXFileReference section */
		030BB3E228888F8E00898C3F /* ActorIdentity.swift */ = {isa = PBXFileReference; lastKnownFileType = sourcecode.swift; path = ActorIdentity.swift; sourceTree = "<group>"; };
		030BB3E328888F8E00898C3F /* DistributedActorReceptionist.swift */ = {isa = PBXFileReference; lastKnownFileType = sourcecode.swift; path = DistributedActorReceptionist.swift; sourceTree = "<group>"; };
		030BB3E528888F8E00898C3F /* LocalNetworkReceptionist.swift */ = {isa = PBXFileReference; lastKnownFileType = sourcecode.swift; path = LocalNetworkReceptionist.swift; sourceTree = "<group>"; };
		030BB3E628888F8E00898C3F /* BonjourConnection.swift */ = {isa = PBXFileReference; lastKnownFileType = sourcecode.swift; path = BonjourConnection.swift; sourceTree = "<group>"; };
		030BB3E728888F8E00898C3F /* LocalNetworkCallEncoder.swift */ = {isa = PBXFileReference; lastKnownFileType = sourcecode.swift; path = LocalNetworkCallEncoder.swift; sourceTree = "<group>"; };
		030BB3E828888F8E00898C3F /* LocalNetworkCallDecoder.swift */ = {isa = PBXFileReference; lastKnownFileType = sourcecode.swift; path = LocalNetworkCallDecoder.swift; sourceTree = "<group>"; };
		030BB3E928888F8E00898C3F /* LocalNetworkActorSystem.swift */ = {isa = PBXFileReference; lastKnownFileType = sourcecode.swift; path = LocalNetworkActorSystem.swift; sourceTree = "<group>"; };
		030BB3EA28888F8E00898C3F /* BonjourBrowser.swift */ = {isa = PBXFileReference; lastKnownFileType = sourcecode.swift; path = BonjourBrowser.swift; sourceTree = "<group>"; };
		030BB3EB28888F8E00898C3F /* WireProtocol.swift */ = {isa = PBXFileReference; lastKnownFileType = sourcecode.swift; path = WireProtocol.swift; sourceTree = "<group>"; };
		030BB3ED28888F8F00898C3F /* Chat.swift */ = {isa = PBXFileReference; lastKnownFileType = sourcecode.swift; path = Chat.swift; sourceTree = "<group>"; };
		030BB3EE28888F8F00898C3F /* Message.swift */ = {isa = PBXFileReference; lastKnownFileType = sourcecode.swift; path = Message.swift; sourceTree = "<group>"; };
		030BB3F028888F8F00898C3F /* Log.swift */ = {isa = PBXFileReference; lastKnownFileType = sourcecode.swift; path = Log.swift; sourceTree = "<group>"; };
		030BB3F228888F8F00898C3F /* ChatObserver.swift */ = {isa = PBXFileReference; lastKnownFileType = sourcecode.swift; path = ChatObserver.swift; sourceTree = "<group>"; };
		030BB40A288913CD00898C3F /* ChatNavigationLink.swift */ = {isa = PBXFileReference; lastKnownFileType = sourcecode.swift; path = ChatNavigationLink.swift; sourceTree = "<group>"; };
		030BB40F2889C5E500898C3F /* CodeScanner */ = {isa = PBXFileReference; lastKnownFileType = wrapper; name = CodeScanner; path = ../../dev/CodeScanner; sourceTree = "<group>"; };
		030BB4122889E3E600898C3F /* QRCodeView.swift */ = {isa = PBXFileReference; lastKnownFileType = sourcecode.swift; path = QRCodeView.swift; sourceTree = "<group>"; };
		030BB4142889E52F00898C3F /* ChatsView.swift */ = {isa = PBXFileReference; lastKnownFileType = sourcecode.swift; path = ChatsView.swift; sourceTree = "<group>"; };
		0340BF4928821B1400F17693 /* Info.plist */ = {isa = PBXFileReference; lastKnownFileType = text.plist; path = Info.plist; sourceTree = "<group>"; };
		0356A77D287B7B4F009A6C6A /* DistributedChat.app */ = {isa = PBXFileReference; explicitFileType = wrapper.application; includeInIndex = 0; path = DistributedChat.app; sourceTree = BUILT_PRODUCTS_DIR; };
		0356A780287B7B4F009A6C6A /* DistributedChatApp.swift */ = {isa = PBXFileReference; lastKnownFileType = sourcecode.swift; path = DistributedChatApp.swift; sourceTree = "<group>"; };
		0356A784287B7B50009A6C6A /* Assets.xcassets */ = {isa = PBXFileReference; lastKnownFileType = folder.assetcatalog; path = Assets.xcassets; sourceTree = "<group>"; };
		0356A786287B7B50009A6C6A /* DistributedChat.entitlements */ = {isa = PBXFileReference; lastKnownFileType = text.plist.entitlements; path = DistributedChat.entitlements; sourceTree = "<group>"; };
		0356A788287B7B50009A6C6A /* Preview Assets.xcassets */ = {isa = PBXFileReference; lastKnownFileType = folder.assetcatalog; path = "Preview Assets.xcassets"; sourceTree = "<group>"; };
		0356A78E287B7B51009A6C6A /* DistributedChatTests.xctest */ = {isa = PBXFileReference; explicitFileType = wrapper.cfbundle; includeInIndex = 0; path = DistributedChatTests.xctest; sourceTree = BUILT_PRODUCTS_DIR; };
		0356A792287B7B51009A6C6A /* DistributedChatTests.swift */ = {isa = PBXFileReference; lastKnownFileType = sourcecode.swift; path = DistributedChatTests.swift; sourceTree = "<group>"; };
		0356A798287B7B51009A6C6A /* DistributedChatUITests.xctest */ = {isa = PBXFileReference; explicitFileType = wrapper.cfbundle; includeInIndex = 0; path = DistributedChatUITests.xctest; sourceTree = BUILT_PRODUCTS_DIR; };
		0356A79C287B7B51009A6C6A /* DistributedChatUITests.swift */ = {isa = PBXFileReference; lastKnownFileType = sourcecode.swift; path = DistributedChatUITests.swift; sourceTree = "<group>"; };
		0356A79E287B7B51009A6C6A /* DistributedChatUITestsLaunchTests.swift */ = {isa = PBXFileReference; lastKnownFileType = sourcecode.swift; path = DistributedChatUITestsLaunchTests.swift; sourceTree = "<group>"; };
		03A29A6C287F912D00354A9B /* ComposeChatView.swift */ = {isa = PBXFileReference; lastKnownFileType = sourcecode.swift; path = ComposeChatView.swift; sourceTree = "<group>"; };
		03A29A6E287F93A900354A9B /* ChatView.swift */ = {isa = PBXFileReference; fileEncoding = 4; lastKnownFileType = sourcecode.swift; name = ChatView.swift; path = ../../../dev/Fire/Sources/Chat/ChatView.swift; sourceTree = "<group>"; };
		03A29A6F287F93A900354A9B /* MessageBubbleTailPosition.swift */ = {isa = PBXFileReference; fileEncoding = 4; lastKnownFileType = sourcecode.swift; path = MessageBubbleTailPosition.swift; sourceTree = "<group>"; };
		03A29A70287F93AA00354A9B /* MessageView.swift */ = {isa = PBXFileReference; fileEncoding = 4; lastKnownFileType = sourcecode.swift; path = MessageView.swift; sourceTree = "<group>"; };
		03A29A71287F93AA00354A9B /* MessageBubble.swift */ = {isa = PBXFileReference; fileEncoding = 4; lastKnownFileType = sourcecode.swift; path = MessageBubble.swift; sourceTree = "<group>"; };
		03A29A72287F93AA00354A9B /* MessageBubbleShape.swift */ = {isa = PBXFileReference; fileEncoding = 4; lastKnownFileType = sourcecode.swift; path = MessageBubbleShape.swift; sourceTree = "<group>"; };
		03E9779D2882027000167740 /* ChatSendButton.swift */ = {isa = PBXFileReference; fileEncoding = 4; lastKnownFileType = sourcecode.swift; path = ChatSendButton.swift; sourceTree = "<group>"; };
		03E9779F2882031B00167740 /* KeyboardHeightObserver.swift */ = {isa = PBXFileReference; fileEncoding = 4; lastKnownFileType = sourcecode.swift; path = KeyboardHeightObserver.swift; sourceTree = "<group>"; };
/* End PBXFileReference section */

/* Begin PBXFrameworksBuildPhase section */
		0356A77A287B7B4F009A6C6A /* Frameworks */ = {
			isa = PBXFrameworksBuildPhase;
			buildActionMask = 2147483647;
			files = (
				030BB3F728888FFE00898C3F /* NIOHTTP1 in Frameworks */,
				030BB3F928888FFE00898C3F /* NIOWebSocket in Frameworks */,
				030BB4112889CB1D00898C3F /* CodeScanner in Frameworks */,
				03E97794287F953D00167740 /* ReversedScrollView in Frameworks */,
				030BB3FC2888907700898C3F /* NIOTransportServices in Frameworks */,
				030BB3F528888FFE00898C3F /* NIO in Frameworks */,
			);
			runOnlyForDeploymentPostprocessing = 0;
		};
		0356A78B287B7B51009A6C6A /* Frameworks */ = {
			isa = PBXFrameworksBuildPhase;
			buildActionMask = 2147483647;
			files = (
			);
			runOnlyForDeploymentPostprocessing = 0;
		};
		0356A795287B7B51009A6C6A /* Frameworks */ = {
			isa = PBXFrameworksBuildPhase;
			buildActionMask = 2147483647;
			files = (
			);
			runOnlyForDeploymentPostprocessing = 0;
		};
/* End PBXFrameworksBuildPhase section */

/* Begin PBXGroup section */
		030BB3E128888F8E00898C3F /* ActorSystems */ = {
			isa = PBXGroup;
			children = (
				030BB3E228888F8E00898C3F /* ActorIdentity.swift */,
				030BB3E328888F8E00898C3F /* DistributedActorReceptionist.swift */,
				030BB3E428888F8E00898C3F /* LocalNetwork */,
			);
			path = ActorSystems;
			sourceTree = "<group>";
		};
		030BB3E428888F8E00898C3F /* LocalNetwork */ = {
			isa = PBXGroup;
			children = (
				030BB3E528888F8E00898C3F /* LocalNetworkReceptionist.swift */,
				030BB3E628888F8E00898C3F /* BonjourConnection.swift */,
				030BB3E728888F8E00898C3F /* LocalNetworkCallEncoder.swift */,
				030BB3E828888F8E00898C3F /* LocalNetworkCallDecoder.swift */,
				030BB3E928888F8E00898C3F /* LocalNetworkActorSystem.swift */,
				030BB3EA28888F8E00898C3F /* BonjourBrowser.swift */,
				030BB3EB28888F8E00898C3F /* WireProtocol.swift */,
			);
			path = LocalNetwork;
			sourceTree = "<group>";
		};
		030BB3EC28888F8F00898C3F /* Models */ = {
			isa = PBXGroup;
			children = (
				030BB3ED28888F8F00898C3F /* Chat.swift */,
				030BB3EE28888F8F00898C3F /* Message.swift */,
			);
			path = Models;
			sourceTree = "<group>";
		};
		030BB3EF28888F8F00898C3F /* Utilities */ = {
			isa = PBXGroup;
			children = (
				030BB3F028888F8F00898C3F /* Log.swift */,
			);
			path = Utilities;
			sourceTree = "<group>";
		};
		030BB3F128888F8F00898C3F /* View Models */ = {
			isa = PBXGroup;
			children = (
				030BB3F228888F8F00898C3F /* ChatObserver.swift */,
			);
			path = "View Models";
			sourceTree = "<group>";
		};
		0340BF4A2887559F00F17693 /* Packages */ = {
			isa = PBXGroup;
			children = (
				030BB40F2889C5E500898C3F /* CodeScanner */,
			);
			name = Packages;
			sourceTree = "<group>";
		};
		0356A774287B7B4F009A6C6A = {
			isa = PBXGroup;
			children = (
				0356A77F287B7B4F009A6C6A /* DistributedChat */,
				0340BF4A2887559F00F17693 /* Packages */,
				0356A791287B7B51009A6C6A /* DistributedChatTests */,
				0356A79B287B7B51009A6C6A /* DistributedChatUITests */,
				0356A77E287B7B4F009A6C6A /* Products */,
				03A29A56287E37E000354A9B /* Frameworks */,
			);
			sourceTree = "<group>";
		};
		0356A77E287B7B4F009A6C6A /* Products */ = {
			isa = PBXGroup;
			children = (
				0356A77D287B7B4F009A6C6A /* DistributedChat.app */,
				0356A78E287B7B51009A6C6A /* DistributedChatTests.xctest */,
				0356A798287B7B51009A6C6A /* DistributedChatUITests.xctest */,
			);
			name = Products;
			sourceTree = "<group>";
		};
		0356A77F287B7B4F009A6C6A /* DistributedChat */ = {
			isa = PBXGroup;
			children = (
				0340BF4928821B1400F17693 /* Info.plist */,
				0356A780287B7B4F009A6C6A /* DistributedChatApp.swift */,
				030BB4142889E52F00898C3F /* ChatsView.swift */,
				030BB4122889E3E600898C3F /* QRCodeView.swift */,
				03A29A6C287F912D00354A9B /* ComposeChatView.swift */,
				030BB40A288913CD00898C3F /* ChatNavigationLink.swift */,
				03A29A6E287F93A900354A9B /* ChatView.swift */,
				03A29A71287F93AA00354A9B /* MessageBubble.swift */,
				03A29A72287F93AA00354A9B /* MessageBubbleShape.swift */,
				03A29A6F287F93A900354A9B /* MessageBubbleTailPosition.swift */,
				03A29A70287F93AA00354A9B /* MessageView.swift */,
				03E9779D2882027000167740 /* ChatSendButton.swift */,
				03E9779F2882031B00167740 /* KeyboardHeightObserver.swift */,
				030BB3E128888F8E00898C3F /* ActorSystems */,
				030BB3EC28888F8F00898C3F /* Models */,
				030BB3EF28888F8F00898C3F /* Utilities */,
				030BB3F128888F8F00898C3F /* View Models */,
				0356A784287B7B50009A6C6A /* Assets.xcassets */,
				0356A786287B7B50009A6C6A /* DistributedChat.entitlements */,
				0356A787287B7B50009A6C6A /* Preview Content */,
			);
			path = DistributedChat;
			sourceTree = "<group>";
		};
		0356A787287B7B50009A6C6A /* Preview Content */ = {
			isa = PBXGroup;
			children = (
				0356A788287B7B50009A6C6A /* Preview Assets.xcassets */,
			);
			path = "Preview Content";
			sourceTree = "<group>";
		};
		0356A791287B7B51009A6C6A /* DistributedChatTests */ = {
			isa = PBXGroup;
			children = (
				0356A792287B7B51009A6C6A /* DistributedChatTests.swift */,
			);
			path = DistributedChatTests;
			sourceTree = "<group>";
		};
		0356A79B287B7B51009A6C6A /* DistributedChatUITests */ = {
			isa = PBXGroup;
			children = (
				0356A79C287B7B51009A6C6A /* DistributedChatUITests.swift */,
				0356A79E287B7B51009A6C6A /* DistributedChatUITestsLaunchTests.swift */,
			);
			path = DistributedChatUITests;
			sourceTree = "<group>";
		};
		03A29A56287E37E000354A9B /* Frameworks */ = {
			isa = PBXGroup;
			children = (
			);
			name = Frameworks;
			sourceTree = "<group>";
		};
/* End PBXGroup section */

/* Begin PBXNativeTarget section */
		0356A77C287B7B4F009A6C6A /* DistributedChat */ = {
			isa = PBXNativeTarget;
			buildConfigurationList = 0356A7A2287B7B51009A6C6A /* Build configuration list for PBXNativeTarget "DistributedChat" */;
			buildPhases = (
				0356A779287B7B4F009A6C6A /* Sources */,
				0356A77A287B7B4F009A6C6A /* Frameworks */,
				0356A77B287B7B4F009A6C6A /* Resources */,
			);
			buildRules = (
			);
			dependencies = (
			);
			name = DistributedChat;
			packageProductDependencies = (
				03E97793287F953D00167740 /* ReversedScrollView */,
				030BB3F428888FFE00898C3F /* NIO */,
				030BB3F628888FFE00898C3F /* NIOHTTP1 */,
				030BB3F828888FFE00898C3F /* NIOWebSocket */,
				030BB3FB2888907700898C3F /* NIOTransportServices */,
				030BB4102889CB1D00898C3F /* CodeScanner */,
			);
			productName = DistributedChat;
			productReference = 0356A77D287B7B4F009A6C6A /* DistributedChat.app */;
			productType = "com.apple.product-type.application";
		};
		0356A78D287B7B51009A6C6A /* DistributedChatTests */ = {
			isa = PBXNativeTarget;
			buildConfigurationList = 0356A7A5287B7B51009A6C6A /* Build configuration list for PBXNativeTarget "DistributedChatTests" */;
			buildPhases = (
				0356A78A287B7B51009A6C6A /* Sources */,
				0356A78B287B7B51009A6C6A /* Frameworks */,
				0356A78C287B7B51009A6C6A /* Resources */,
			);
			buildRules = (
			);
			dependencies = (
				0356A790287B7B51009A6C6A /* PBXTargetDependency */,
			);
			name = DistributedChatTests;
			productName = DistributedChatTests;
			productReference = 0356A78E287B7B51009A6C6A /* DistributedChatTests.xctest */;
			productType = "com.apple.product-type.bundle.unit-test";
		};
		0356A797287B7B51009A6C6A /* DistributedChatUITests */ = {
			isa = PBXNativeTarget;
			buildConfigurationList = 0356A7A8287B7B51009A6C6A /* Build configuration list for PBXNativeTarget "DistributedChatUITests" */;
			buildPhases = (
				0356A794287B7B51009A6C6A /* Sources */,
				0356A795287B7B51009A6C6A /* Frameworks */,
				0356A796287B7B51009A6C6A /* Resources */,
			);
			buildRules = (
			);
			dependencies = (
				0356A79A287B7B51009A6C6A /* PBXTargetDependency */,
			);
			name = DistributedChatUITests;
			productName = DistributedChatUITests;
			productReference = 0356A798287B7B51009A6C6A /* DistributedChatUITests.xctest */;
			productType = "com.apple.product-type.bundle.ui-testing";
		};
/* End PBXNativeTarget section */

/* Begin PBXProject section */
		0356A775287B7B4F009A6C6A /* Project object */ = {
			isa = PBXProject;
			attributes = {
				BuildIndependentTargetsInParallel = 1;
				LastSwiftUpdateCheck = 1400;
				LastUpgradeCheck = 1400;
				TargetAttributes = {
					0356A77C287B7B4F009A6C6A = {
						CreatedOnToolsVersion = 14.0;
					};
					0356A78D287B7B51009A6C6A = {
						CreatedOnToolsVersion = 14.0;
						TestTargetID = 0356A77C287B7B4F009A6C6A;
					};
					0356A797287B7B51009A6C6A = {
						CreatedOnToolsVersion = 14.0;
						TestTargetID = 0356A77C287B7B4F009A6C6A;
					};
				};
			};
			buildConfigurationList = 0356A778287B7B4F009A6C6A /* Build configuration list for PBXProject "DistributedChat" */;
			compatibilityVersion = "Xcode 14.0";
			developmentRegion = en;
			hasScannedForEncodings = 0;
			knownRegions = (
				en,
				Base,
			);
			mainGroup = 0356A774287B7B4F009A6C6A;
			packageReferences = (
				03E97792287F953D00167740 /* XCRemoteSwiftPackageReference "ReversedScrollView" */,
				030BB3F328888FFE00898C3F /* XCRemoteSwiftPackageReference "swift-nio" */,
				030BB3FA2888907700898C3F /* XCRemoteSwiftPackageReference "swift-nio-transport-services" */,
			);
			productRefGroup = 0356A77E287B7B4F009A6C6A /* Products */;
			projectDirPath = "";
			projectRoot = "";
			targets = (
				0356A77C287B7B4F009A6C6A /* DistributedChat */,
				0356A78D287B7B51009A6C6A /* DistributedChatTests */,
				0356A797287B7B51009A6C6A /* DistributedChatUITests */,
			);
		};
/* End PBXProject section */

/* Begin PBXResourcesBuildPhase section */
		0356A77B287B7B4F009A6C6A /* Resources */ = {
			isa = PBXResourcesBuildPhase;
			buildActionMask = 2147483647;
			files = (
				0356A789287B7B50009A6C6A /* Preview Assets.xcassets in Resources */,
				0356A785287B7B50009A6C6A /* Assets.xcassets in Resources */,
			);
			runOnlyForDeploymentPostprocessing = 0;
		};
		0356A78C287B7B51009A6C6A /* Resources */ = {
			isa = PBXResourcesBuildPhase;
			buildActionMask = 2147483647;
			files = (
			);
			runOnlyForDeploymentPostprocessing = 0;
		};
		0356A796287B7B51009A6C6A /* Resources */ = {
			isa = PBXResourcesBuildPhase;
			buildActionMask = 2147483647;
			files = (
			);
			runOnlyForDeploymentPostprocessing = 0;
		};
/* End PBXResourcesBuildPhase section */

/* Begin PBXSourcesBuildPhase section */
		0356A779287B7B4F009A6C6A /* Sources */ = {
			isa = PBXSourcesBuildPhase;
			buildActionMask = 2147483647;
			files = (
				03A29A74287F93AA00354A9B /* MessageBubbleTailPosition.swift in Sources */,
				030BB409288890CD00898C3F /* LocalNetworkActorSystem.swift in Sources */,
				030BB3FF288890B800898C3F /* ActorIdentity.swift in Sources */,
				030BB405288890CD00898C3F /* WireProtocol.swift in Sources */,
				0356A781287B7B4F009A6C6A /* DistributedChatApp.swift in Sources */,
				030BB400288890B800898C3F /* DistributedActorReceptionist.swift in Sources */,
				03A29A77287F93AA00354A9B /* MessageBubbleShape.swift in Sources */,
				03A29A73287F93AA00354A9B /* ChatView.swift in Sources */,
				030BB406288890CD00898C3F /* BonjourConnection.swift in Sources */,
				03A29A76287F93AA00354A9B /* MessageBubble.swift in Sources */,
				030BB404288890CD00898C3F /* BonjourBrowser.swift in Sources */,
				03E977A02882031B00167740 /* KeyboardHeightObserver.swift in Sources */,
				030BB4132889E3E600898C3F /* QRCodeView.swift in Sources */,
				030BB407288890CD00898C3F /* LocalNetworkCallDecoder.swift in Sources */,
				030BB40B288913CD00898C3F /* ChatNavigationLink.swift in Sources */,
				030BB401288890BB00898C3F /* Log.swift in Sources */,
				030BB403288890CD00898C3F /* LocalNetworkCallEncoder.swift in Sources */,
				030BB402288890BF00898C3F /* ChatObserver.swift in Sources */,
				030BB3FE288890B400898C3F /* Chat.swift in Sources */,
				03A29A75287F93AA00354A9B /* MessageView.swift in Sources */,
				030BB3FD288890B200898C3F /* Message.swift in Sources */,
				030BB408288890CD00898C3F /* LocalNetworkReceptionist.swift in Sources */,
				030BB4152889E52F00898C3F /* ChatsView.swift in Sources */,
				03E9779E2882027000167740 /* ChatSendButton.swift in Sources */,
				03A29A6D287F912D00354A9B /* ComposeChatView.swift in Sources */,
			);
			runOnlyForDeploymentPostprocessing = 0;
		};
		0356A78A287B7B51009A6C6A /* Sources */ = {
			isa = PBXSourcesBuildPhase;
			buildActionMask = 2147483647;
			files = (
				0356A793287B7B51009A6C6A /* DistributedChatTests.swift in Sources */,
			);
			runOnlyForDeploymentPostprocessing = 0;
		};
		0356A794287B7B51009A6C6A /* Sources */ = {
			isa = PBXSourcesBuildPhase;
			buildActionMask = 2147483647;
			files = (
				0356A79F287B7B51009A6C6A /* DistributedChatUITestsLaunchTests.swift in Sources */,
				0356A79D287B7B51009A6C6A /* DistributedChatUITests.swift in Sources */,
			);
			runOnlyForDeploymentPostprocessing = 0;
		};
/* End PBXSourcesBuildPhase section */

/* Begin PBXTargetDependency section */
		0356A790287B7B51009A6C6A /* PBXTargetDependency */ = {
			isa = PBXTargetDependency;
			target = 0356A77C287B7B4F009A6C6A /* DistributedChat */;
			targetProxy = 0356A78F287B7B51009A6C6A /* PBXContainerItemProxy */;
		};
		0356A79A287B7B51009A6C6A /* PBXTargetDependency */ = {
			isa = PBXTargetDependency;
			target = 0356A77C287B7B4F009A6C6A /* DistributedChat */;
			targetProxy = 0356A799287B7B51009A6C6A /* PBXContainerItemProxy */;
		};
/* End PBXTargetDependency section */

/* Begin XCBuildConfiguration section */
		0356A7A0287B7B51009A6C6A /* Debug */ = {
			isa = XCBuildConfiguration;
			buildSettings = {
				ALWAYS_SEARCH_USER_PATHS = NO;
				CLANG_ANALYZER_NONNULL = YES;
				CLANG_ANALYZER_NUMBER_OBJECT_CONVERSION = YES_AGGRESSIVE;
				CLANG_CXX_LANGUAGE_STANDARD = "gnu++17";
				CLANG_ENABLE_MODULES = YES;
				CLANG_ENABLE_OBJC_ARC = YES;
				CLANG_ENABLE_OBJC_WEAK = YES;
				CLANG_WARN_BLOCK_CAPTURE_AUTORELEASING = YES;
				CLANG_WARN_BOOL_CONVERSION = YES;
				CLANG_WARN_COMMA = YES;
				CLANG_WARN_CONSTANT_CONVERSION = YES;
				CLANG_WARN_DEPRECATED_OBJC_IMPLEMENTATIONS = YES;
				CLANG_WARN_DIRECT_OBJC_ISA_USAGE = YES_ERROR;
				CLANG_WARN_DOCUMENTATION_COMMENTS = YES;
				CLANG_WARN_EMPTY_BODY = YES;
				CLANG_WARN_ENUM_CONVERSION = YES;
				CLANG_WARN_INFINITE_RECURSION = YES;
				CLANG_WARN_INT_CONVERSION = YES;
				CLANG_WARN_NON_LITERAL_NULL_CONVERSION = YES;
				CLANG_WARN_OBJC_IMPLICIT_RETAIN_SELF = YES;
				CLANG_WARN_OBJC_LITERAL_CONVERSION = YES;
				CLANG_WARN_OBJC_ROOT_CLASS = YES_ERROR;
				CLANG_WARN_QUOTED_INCLUDE_IN_FRAMEWORK_HEADER = YES;
				CLANG_WARN_RANGE_LOOP_ANALYSIS = YES;
				CLANG_WARN_STRICT_PROTOTYPES = YES;
				CLANG_WARN_SUSPICIOUS_MOVE = YES;
				CLANG_WARN_UNGUARDED_AVAILABILITY = YES_AGGRESSIVE;
				CLANG_WARN_UNREACHABLE_CODE = YES;
				CLANG_WARN__DUPLICATE_METHOD_MATCH = YES;
				COPY_PHASE_STRIP = NO;
				DEAD_CODE_STRIPPING = YES;
				DEBUG_INFORMATION_FORMAT = dwarf;
				ENABLE_STRICT_OBJC_MSGSEND = YES;
				ENABLE_TESTABILITY = YES;
				GCC_C_LANGUAGE_STANDARD = gnu11;
				GCC_DYNAMIC_NO_PIC = NO;
				GCC_NO_COMMON_BLOCKS = YES;
				GCC_OPTIMIZATION_LEVEL = 0;
				GCC_PREPROCESSOR_DEFINITIONS = (
					"DEBUG=1",
					"$(inherited)",
				);
				GCC_WARN_64_TO_32_BIT_CONVERSION = YES;
				GCC_WARN_ABOUT_RETURN_TYPE = YES_ERROR;
				GCC_WARN_UNDECLARED_SELECTOR = YES;
				GCC_WARN_UNINITIALIZED_AUTOS = YES_AGGRESSIVE;
				GCC_WARN_UNUSED_FUNCTION = YES;
				GCC_WARN_UNUSED_VARIABLE = YES;
				MTL_ENABLE_DEBUG_INFO = INCLUDE_SOURCE;
				MTL_FAST_MATH = YES;
				ONLY_ACTIVE_ARCH = YES;
				SWIFT_ACTIVE_COMPILATION_CONDITIONS = DEBUG;
				SWIFT_OPTIMIZATION_LEVEL = "-Onone";
			};
			name = Debug;
		};
		0356A7A1287B7B51009A6C6A /* Release */ = {
			isa = XCBuildConfiguration;
			buildSettings = {
				ALWAYS_SEARCH_USER_PATHS = NO;
				CLANG_ANALYZER_NONNULL = YES;
				CLANG_ANALYZER_NUMBER_OBJECT_CONVERSION = YES_AGGRESSIVE;
				CLANG_CXX_LANGUAGE_STANDARD = "gnu++17";
				CLANG_ENABLE_MODULES = YES;
				CLANG_ENABLE_OBJC_ARC = YES;
				CLANG_ENABLE_OBJC_WEAK = YES;
				CLANG_WARN_BLOCK_CAPTURE_AUTORELEASING = YES;
				CLANG_WARN_BOOL_CONVERSION = YES;
				CLANG_WARN_COMMA = YES;
				CLANG_WARN_CONSTANT_CONVERSION = YES;
				CLANG_WARN_DEPRECATED_OBJC_IMPLEMENTATIONS = YES;
				CLANG_WARN_DIRECT_OBJC_ISA_USAGE = YES_ERROR;
				CLANG_WARN_DOCUMENTATION_COMMENTS = YES;
				CLANG_WARN_EMPTY_BODY = YES;
				CLANG_WARN_ENUM_CONVERSION = YES;
				CLANG_WARN_INFINITE_RECURSION = YES;
				CLANG_WARN_INT_CONVERSION = YES;
				CLANG_WARN_NON_LITERAL_NULL_CONVERSION = YES;
				CLANG_WARN_OBJC_IMPLICIT_RETAIN_SELF = YES;
				CLANG_WARN_OBJC_LITERAL_CONVERSION = YES;
				CLANG_WARN_OBJC_ROOT_CLASS = YES_ERROR;
				CLANG_WARN_QUOTED_INCLUDE_IN_FRAMEWORK_HEADER = YES;
				CLANG_WARN_RANGE_LOOP_ANALYSIS = YES;
				CLANG_WARN_STRICT_PROTOTYPES = YES;
				CLANG_WARN_SUSPICIOUS_MOVE = YES;
				CLANG_WARN_UNGUARDED_AVAILABILITY = YES_AGGRESSIVE;
				CLANG_WARN_UNREACHABLE_CODE = YES;
				CLANG_WARN__DUPLICATE_METHOD_MATCH = YES;
				COPY_PHASE_STRIP = NO;
				DEAD_CODE_STRIPPING = YES;
				DEBUG_INFORMATION_FORMAT = "dwarf-with-dsym";
				ENABLE_NS_ASSERTIONS = NO;
				ENABLE_STRICT_OBJC_MSGSEND = YES;
				GCC_C_LANGUAGE_STANDARD = gnu11;
				GCC_NO_COMMON_BLOCKS = YES;
				GCC_WARN_64_TO_32_BIT_CONVERSION = YES;
				GCC_WARN_ABOUT_RETURN_TYPE = YES_ERROR;
				GCC_WARN_UNDECLARED_SELECTOR = YES;
				GCC_WARN_UNINITIALIZED_AUTOS = YES_AGGRESSIVE;
				GCC_WARN_UNUSED_FUNCTION = YES;
				GCC_WARN_UNUSED_VARIABLE = YES;
				MTL_ENABLE_DEBUG_INFO = NO;
				MTL_FAST_MATH = YES;
				SWIFT_COMPILATION_MODE = wholemodule;
				SWIFT_OPTIMIZATION_LEVEL = "-O";
			};
			name = Release;
		};
		0356A7A3287B7B51009A6C6A /* Debug */ = {
			isa = XCBuildConfiguration;
			buildSettings = {
				ASSETCATALOG_COMPILER_APPICON_NAME = AppIcon;
				ASSETCATALOG_COMPILER_GLOBAL_ACCENT_COLOR_NAME = AccentColor;
				CODE_SIGN_ENTITLEMENTS = DistributedChat/DistributedChat.entitlements;
				CODE_SIGN_IDENTITY = "-";
				"CODE_SIGN_IDENTITY[sdk=iphoneos*]" = "Apple Development";
				CODE_SIGN_STYLE = Automatic;
				CURRENT_PROJECT_VERSION = 1;
				DEAD_CODE_STRIPPING = YES;
				DEVELOPMENT_ASSET_PATHS = "\"DistributedChat/Preview Content\"";
				DEVELOPMENT_TEAM = LU6454UVH5;
				ENABLE_HARDENED_RUNTIME = YES;
				ENABLE_PREVIEWS = YES;
				GENERATE_INFOPLIST_FILE = YES;
				INFOPLIST_FILE = DistributedChat/Info.plist;
				"INFOPLIST_KEY_UILaunchScreen_Generation[sdk=iphoneos*]" = YES;
				"INFOPLIST_KEY_UILaunchScreen_Generation[sdk=iphonesimulator*]" = YES;
				INFOPLIST_KEY_UISupportedInterfaceOrientations_iPad = "UIInterfaceOrientationPortrait UIInterfaceOrientationPortraitUpsideDown UIInterfaceOrientationLandscapeLeft UIInterfaceOrientationLandscapeRight";
				INFOPLIST_KEY_UISupportedInterfaceOrientations_iPhone = "UIInterfaceOrientationPortrait UIInterfaceOrientationLandscapeLeft UIInterfaceOrientationLandscapeRight";
				IPHONEOS_DEPLOYMENT_TARGET = 16.0;
				LD_RUNPATH_SEARCH_PATHS = "@executable_path/Frameworks";
				"LD_RUNPATH_SEARCH_PATHS[sdk=macosx*]" = "@executable_path/../Frameworks";
				MACOSX_DEPLOYMENT_TARGET = 13.0;
				MARKETING_VERSION = 1.0;
				PRODUCT_BUNDLE_IDENTIFIER = com.briannadoubt.DistributedChat;
				PRODUCT_NAME = "$(TARGET_NAME)";
				SDKROOT = auto;
				SUPPORTED_PLATFORMS = "iphoneos iphonesimulator macosx";
				SWIFT_EMIT_LOC_STRINGS = YES;
				SWIFT_VERSION = 5.0;
				TARGETED_DEVICE_FAMILY = "1,2";
			};
			name = Debug;
		};
		0356A7A4287B7B51009A6C6A /* Release */ = {
			isa = XCBuildConfiguration;
			buildSettings = {
				ASSETCATALOG_COMPILER_APPICON_NAME = AppIcon;
				ASSETCATALOG_COMPILER_GLOBAL_ACCENT_COLOR_NAME = AccentColor;
				CODE_SIGN_ENTITLEMENTS = DistributedChat/DistributedChat.entitlements;
				CODE_SIGN_IDENTITY = "-";
				"CODE_SIGN_IDENTITY[sdk=iphoneos*]" = "Apple Development";
				CODE_SIGN_STYLE = Automatic;
				CURRENT_PROJECT_VERSION = 1;
				DEAD_CODE_STRIPPING = YES;
				DEVELOPMENT_ASSET_PATHS = "\"DistributedChat/Preview Content\"";
				DEVELOPMENT_TEAM = LU6454UVH5;
				ENABLE_HARDENED_RUNTIME = YES;
				ENABLE_PREVIEWS = YES;
				GENERATE_INFOPLIST_FILE = YES;
				INFOPLIST_FILE = DistributedChat/Info.plist;
				"INFOPLIST_KEY_UILaunchScreen_Generation[sdk=iphoneos*]" = YES;
				"INFOPLIST_KEY_UILaunchScreen_Generation[sdk=iphonesimulator*]" = YES;
				INFOPLIST_KEY_UISupportedInterfaceOrientations_iPad = "UIInterfaceOrientationPortrait UIInterfaceOrientationPortraitUpsideDown UIInterfaceOrientationLandscapeLeft UIInterfaceOrientationLandscapeRight";
				INFOPLIST_KEY_UISupportedInterfaceOrientations_iPhone = "UIInterfaceOrientationPortrait UIInterfaceOrientationLandscapeLeft UIInterfaceOrientationLandscapeRight";
				IPHONEOS_DEPLOYMENT_TARGET = 16.0;
				LD_RUNPATH_SEARCH_PATHS = "@executable_path/Frameworks";
				"LD_RUNPATH_SEARCH_PATHS[sdk=macosx*]" = "@executable_path/../Frameworks";
				MACOSX_DEPLOYMENT_TARGET = 13.0;
				MARKETING_VERSION = 1.0;
				PRODUCT_BUNDLE_IDENTIFIER = com.briannadoubt.DistributedChat;
				PRODUCT_NAME = "$(TARGET_NAME)";
				SDKROOT = auto;
				SUPPORTED_PLATFORMS = "iphoneos iphonesimulator macosx";
				SWIFT_EMIT_LOC_STRINGS = YES;
				SWIFT_VERSION = 5.0;
				TARGETED_DEVICE_FAMILY = "1,2";
			};
			name = Release;
		};
		0356A7A6287B7B51009A6C6A /* Debug */ = {
			isa = XCBuildConfiguration;
			buildSettings = {
				ALWAYS_EMBED_SWIFT_STANDARD_LIBRARIES = YES;
				BUNDLE_LOADER = "$(TEST_HOST)";
				CODE_SIGN_STYLE = Automatic;
				CURRENT_PROJECT_VERSION = 1;
				DEAD_CODE_STRIPPING = YES;
				DEVELOPMENT_TEAM = LU6454UVH5;
				GENERATE_INFOPLIST_FILE = YES;
				IPHONEOS_DEPLOYMENT_TARGET = 16.0;
				MACOSX_DEPLOYMENT_TARGET = 13.0;
				MARKETING_VERSION = 1.0;
				PRODUCT_BUNDLE_IDENTIFIER = com.briannadoubt.DistributedChatTests;
				PRODUCT_NAME = "$(TARGET_NAME)";
				SDKROOT = auto;
				SUPPORTED_PLATFORMS = "iphoneos iphonesimulator macosx";
				SWIFT_EMIT_LOC_STRINGS = NO;
				SWIFT_VERSION = 5.0;
				TARGETED_DEVICE_FAMILY = "1,2";
				TEST_HOST = "$(BUILT_PRODUCTS_DIR)/DistributedChat.app/$(BUNDLE_EXECUTABLE_FOLDER_PATH)/DistributedChat";
			};
			name = Debug;
		};
		0356A7A7287B7B51009A6C6A /* Release */ = {
			isa = XCBuildConfiguration;
			buildSettings = {
				ALWAYS_EMBED_SWIFT_STANDARD_LIBRARIES = YES;
				BUNDLE_LOADER = "$(TEST_HOST)";
				CODE_SIGN_STYLE = Automatic;
				CURRENT_PROJECT_VERSION = 1;
				DEAD_CODE_STRIPPING = YES;
				DEVELOPMENT_TEAM = LU6454UVH5;
				GENERATE_INFOPLIST_FILE = YES;
				IPHONEOS_DEPLOYMENT_TARGET = 16.0;
				MACOSX_DEPLOYMENT_TARGET = 13.0;
				MARKETING_VERSION = 1.0;
				PRODUCT_BUNDLE_IDENTIFIER = com.briannadoubt.DistributedChatTests;
				PRODUCT_NAME = "$(TARGET_NAME)";
				SDKROOT = auto;
				SUPPORTED_PLATFORMS = "iphoneos iphonesimulator macosx";
				SWIFT_EMIT_LOC_STRINGS = NO;
				SWIFT_VERSION = 5.0;
				TARGETED_DEVICE_FAMILY = "1,2";
				TEST_HOST = "$(BUILT_PRODUCTS_DIR)/DistributedChat.app/$(BUNDLE_EXECUTABLE_FOLDER_PATH)/DistributedChat";
			};
			name = Release;
		};
		0356A7A9287B7B51009A6C6A /* Debug */ = {
			isa = XCBuildConfiguration;
			buildSettings = {
				ALWAYS_EMBED_SWIFT_STANDARD_LIBRARIES = YES;
				CODE_SIGN_STYLE = Automatic;
				CURRENT_PROJECT_VERSION = 1;
				DEAD_CODE_STRIPPING = YES;
				DEVELOPMENT_TEAM = LU6454UVH5;
				GENERATE_INFOPLIST_FILE = YES;
				IPHONEOS_DEPLOYMENT_TARGET = 16.0;
				MACOSX_DEPLOYMENT_TARGET = 13.0;
				MARKETING_VERSION = 1.0;
				PRODUCT_BUNDLE_IDENTIFIER = com.briannadoubt.DistributedChatUITests;
				PRODUCT_NAME = "$(TARGET_NAME)";
				SDKROOT = auto;
				SUPPORTED_PLATFORMS = "iphoneos iphonesimulator macosx";
				SWIFT_EMIT_LOC_STRINGS = NO;
				SWIFT_VERSION = 5.0;
				TARGETED_DEVICE_FAMILY = "1,2";
				TEST_TARGET_NAME = DistributedChat;
			};
			name = Debug;
		};
		0356A7AA287B7B51009A6C6A /* Release */ = {
			isa = XCBuildConfiguration;
			buildSettings = {
				ALWAYS_EMBED_SWIFT_STANDARD_LIBRARIES = YES;
				CODE_SIGN_STYLE = Automatic;
				CURRENT_PROJECT_VERSION = 1;
				DEAD_CODE_STRIPPING = YES;
				DEVELOPMENT_TEAM = LU6454UVH5;
				GENERATE_INFOPLIST_FILE = YES;
				IPHONEOS_DEPLOYMENT_TARGET = 16.0;
				MACOSX_DEPLOYMENT_TARGET = 13.0;
				MARKETING_VERSION = 1.0;
				PRODUCT_BUNDLE_IDENTIFIER = com.briannadoubt.DistributedChatUITests;
				PRODUCT_NAME = "$(TARGET_NAME)";
				SDKROOT = auto;
				SUPPORTED_PLATFORMS = "iphoneos iphonesimulator macosx";
				SWIFT_EMIT_LOC_STRINGS = NO;
				SWIFT_VERSION = 5.0;
				TARGETED_DEVICE_FAMILY = "1,2";
				TEST_TARGET_NAME = DistributedChat;
			};
			name = Release;
		};
/* End XCBuildConfiguration section */

/* Begin XCConfigurationList section */
		0356A778287B7B4F009A6C6A /* Build configuration list for PBXProject "DistributedChat" */ = {
			isa = XCConfigurationList;
			buildConfigurations = (
				0356A7A0287B7B51009A6C6A /* Debug */,
				0356A7A1287B7B51009A6C6A /* Release */,
			);
			defaultConfigurationIsVisible = 0;
			defaultConfigurationName = Release;
		};
		0356A7A2287B7B51009A6C6A /* Build configuration list for PBXNativeTarget "DistributedChat" */ = {
			isa = XCConfigurationList;
			buildConfigurations = (
				0356A7A3287B7B51009A6C6A /* Debug */,
				0356A7A4287B7B51009A6C6A /* Release */,
			);
			defaultConfigurationIsVisible = 0;
			defaultConfigurationName = Release;
		};
		0356A7A5287B7B51009A6C6A /* Build configuration list for PBXNativeTarget "DistributedChatTests" */ = {
			isa = XCConfigurationList;
			buildConfigurations = (
				0356A7A6287B7B51009A6C6A /* Debug */,
				0356A7A7287B7B51009A6C6A /* Release */,
			);
			defaultConfigurationIsVisible = 0;
			defaultConfigurationName = Release;
		};
		0356A7A8287B7B51009A6C6A /* Build configuration list for PBXNativeTarget "DistributedChatUITests" */ = {
			isa = XCConfigurationList;
			buildConfigurations = (
				0356A7A9287B7B51009A6C6A /* Debug */,
				0356A7AA287B7B51009A6C6A /* Release */,
			);
			defaultConfigurationIsVisible = 0;
			defaultConfigurationName = Release;
		};
/* End XCConfigurationList section */

/* Begin XCRemoteSwiftPackageReference section */
		030BB3F328888FFE00898C3F /* XCRemoteSwiftPackageReference "swift-nio" */ = {
			isa = XCRemoteSwiftPackageReference;
			repositoryURL = "https://github.com/apple/swift-nio.git";
			requirement = {
				kind = upToNextMajorVersion;
				minimumVersion = 2.0.0;
			};
		};
		030BB3FA2888907700898C3F /* XCRemoteSwiftPackageReference "swift-nio-transport-services" */ = {
			isa = XCRemoteSwiftPackageReference;
			repositoryURL = "https://github.com/apple/swift-nio-transport-services.git";
			requirement = {
				branch = main;
				kind = branch;
			};
		};
		03E97792287F953D00167740 /* XCRemoteSwiftPackageReference "ReversedScrollView" */ = {
			isa = XCRemoteSwiftPackageReference;
			repositoryURL = "https://github.com/briannadoubt/ReversedScrollView.git";
			requirement = {
				kind = upToNextMajorVersion;
				minimumVersion = 1.0.0;
			};
		};
/* End XCRemoteSwiftPackageReference section */

/* Begin XCSwiftPackageProductDependency section */
		030BB3F428888FFE00898C3F /* NIO */ = {
			isa = XCSwiftPackageProductDependency;
			package = 030BB3F328888FFE00898C3F /* XCRemoteSwiftPackageReference "swift-nio" */;
			productName = NIO;
		};
		030BB3F628888FFE00898C3F /* NIOHTTP1 */ = {
			isa = XCSwiftPackageProductDependency;
			package = 030BB3F328888FFE00898C3F /* XCRemoteSwiftPackageReference "swift-nio" */;
			productName = NIOHTTP1;
		};
		030BB3F828888FFE00898C3F /* NIOWebSocket */ = {
			isa = XCSwiftPackageProductDependency;
			package = 030BB3F328888FFE00898C3F /* XCRemoteSwiftPackageReference "swift-nio" */;
			productName = NIOWebSocket;
		};
		030BB3FB2888907700898C3F /* NIOTransportServices */ = {
			isa = XCSwiftPackageProductDependency;
			package = 030BB3FA2888907700898C3F /* XCRemoteSwiftPackageReference "swift-nio-transport-services" */;
			productName = NIOTransportServices;
		};
		030BB4102889CB1D00898C3F /* CodeScanner */ = {
			isa = XCSwiftPackageProductDependency;
			productName = CodeScanner;
		};
		03E97793287F953D00167740 /* ReversedScrollView */ = {
			isa = XCSwiftPackageProductDependency;
			package = 03E97792287F953D00167740 /* XCRemoteSwiftPackageReference "ReversedScrollView" */;
			productName = ReversedScrollView;
		};
/* End XCSwiftPackageProductDependency section */
	};
	rootObject = 0356A775287B7B4F009A6C6A /* Project object */;
}
